
Microsoft Visual Studio Solution File, Format Version 12.00
# Visual Studio Version 17
VisualStudioVersion = 17.10.35013.160
MinimumVisualStudioVersion = 10.0.40219.1
Project("{FAE04EC0-301F-11D3-BF4B-00C04F79EFBC}") = "deportesApi", "deportesApi\deportesApi.csproj", "{ACE2FBAF-9249-4055-B5A2-378FC293DB01}"
EndProject
Global
	GlobalSection(SolutionConfigurationPlatforms) = preSolution
		Debug|Any CPU = Debug|Any CPU
		Release|Any CPU = Release|Any CPU
	EndGlobalSection
	GlobalSection(ProjectConfigurationPlatforms) = postSolution
		{ACE2FBAF-9249-4055-B5A2-378FC293DB01}.Debug|Any CPU.ActiveCfg = Debug|Any CPU
		{ACE2FBAF-9249-4055-B5A2-378FC293DB01}.Debug|Any CPU.Build.0 = Debug|Any CPU
		{ACE2FBAF-9249-4055-B5A2-378FC293DB01}.Release|Any CPU.ActiveCfg = Release|Any CPU
		{ACE2FBAF-9249-4055-B5A2-378FC293DB01}.Release|Any CPU.Build.0 = Release|Any CPU
	EndGlobalSection
	GlobalSection(SolutionProperties) = preSolution
		HideSolutionNode = FALSE
	EndGlobalSection
	GlobalSection(ExtensibilityGlobals) = postSolution
		SolutionGuid = {E8D6FFF4-89F0-404D-84FC-F176CE7A57DC}
	EndGlobalSection
EndGlobal
